
Microsoft Visual Studio Solution File, Format Version 12.00
# Visual Studio Version 16
VisualStudioVersion = 16.0.31702.278
MinimumVisualStudioVersion = 10.0.40219.1
Project("{FAE04EC0-301F-11D3-BF4B-00C04F79EFBC}") = "CalC", "CalC.csproj", "{1251C5DA-B820-4A64-A217-6E8C79BD6E79}"
EndProject
Project("{FAE04EC0-301F-11D3-BF4B-00C04F79EFBC}") = "CalcTest", "..\CalcTest\CalcTest.csproj", "{070C713C-F101-46E1-8CBA-6DDD479468B5}"
EndProject
Global
	GlobalSection(SolutionConfigurationPlatforms) = preSolution
		Debug|Any CPU = Debug|Any CPU
		Release|Any CPU = Release|Any CPU
	EndGlobalSection
	GlobalSection(ProjectConfigurationPlatforms) = postSolution
		{1251C5DA-B820-4A64-A217-6E8C79BD6E79}.Debug|Any CPU.ActiveCfg = Debug|Any CPU
		{1251C5DA-B820-4A64-A217-6E8C79BD6E79}.Debug|Any CPU.Build.0 = Debug|Any CPU
		{1251C5DA-B820-4A64-A217-6E8C79BD6E79}.Release|Any CPU.ActiveCfg = Release|Any CPU
		{1251C5DA-B820-4A64-A217-6E8C79BD6E79}.Release|Any CPU.Build.0 = Release|Any CPU
		{070C713C-F101-46E1-8CBA-6DDD479468B5}.Debug|Any CPU.ActiveCfg = Debug|Any CPU
		{070C713C-F101-46E1-8CBA-6DDD479468B5}.Debug|Any CPU.Build.0 = Debug|Any CPU
		{070C713C-F101-46E1-8CBA-6DDD479468B5}.Release|Any CPU.ActiveCfg = Release|Any CPU
		{070C713C-F101-46E1-8CBA-6DDD479468B5}.Release|Any CPU.Build.0 = Release|Any CPU
	EndGlobalSection
	GlobalSection(SolutionProperties) = preSolution
		HideSolutionNode = FALSE
	EndGlobalSection
	GlobalSection(ExtensibilityGlobals) = postSolution
		SolutionGuid = {892D3C32-A223-4268-878D-FDDDC4F77819}
	EndGlobalSection
EndGlobal
