
Microsoft Visual Studio Solution File, Format Version 12.00
# Visual Studio Version 16
VisualStudioVersion = 16.0.31702.278
MinimumVisualStudioVersion = 10.0.40219.1
Project("{FAE04EC0-301F-11D3-BF4B-00C04F79EFBC}") = "Ejercicio_2", "Ejercicio_2.csproj", "{DD5397A7-DEC0-4320-B2A6-3B2E5CFB09FA}"
EndProject
Global
	GlobalSection(SolutionConfigurationPlatforms) = preSolution
		Debug|Any CPU = Debug|Any CPU
		Release|Any CPU = Release|Any CPU
	EndGlobalSection
	GlobalSection(ProjectConfigurationPlatforms) = postSolution
		{DD5397A7-DEC0-4320-B2A6-3B2E5CFB09FA}.Debug|Any CPU.ActiveCfg = Debug|Any CPU
		{DD5397A7-DEC0-4320-B2A6-3B2E5CFB09FA}.Debug|Any CPU.Build.0 = Debug|Any CPU
		{DD5397A7-DEC0-4320-B2A6-3B2E5CFB09FA}.Release|Any CPU.ActiveCfg = Release|Any CPU
		{DD5397A7-DEC0-4320-B2A6-3B2E5CFB09FA}.Release|Any CPU.Build.0 = Release|Any CPU
	EndGlobalSection
	GlobalSection(SolutionProperties) = preSolution
		HideSolutionNode = FALSE
	EndGlobalSection
	GlobalSection(ExtensibilityGlobals) = postSolution
		SolutionGuid = {4B3A13E6-9C5C-4371-B8BF-BA8C1FA1D42A}
	EndGlobalSection
EndGlobal
