
Microsoft Visual Studio Solution File, Format Version 12.00
# Visual Studio Version 16
VisualStudioVersion = 16.0.31702.278
MinimumVisualStudioVersion = 10.0.40219.1
Project("{FAE04EC0-301F-11D3-BF4B-00C04F79EFBC}") = "Remoting_Server", "Remoting_Server\Remoting_Server.csproj", "{90346C53-07D4-4784-9357-B62105C71B9A}"
EndProject
Project("{FAE04EC0-301F-11D3-BF4B-00C04F79EFBC}") = "Remoting_Client", "Remoting_Client\Remoting_Client.csproj", "{0C30FD92-EBC2-4477-B45B-54ECE4F40220}"
EndProject
Global
	GlobalSection(SolutionConfigurationPlatforms) = preSolution
		Debug|Any CPU = Debug|Any CPU
		Release|Any CPU = Release|Any CPU
	EndGlobalSection
	GlobalSection(ProjectConfigurationPlatforms) = postSolution
		{90346C53-07D4-4784-9357-B62105C71B9A}.Debug|Any CPU.ActiveCfg = Debug|Any CPU
		{90346C53-07D4-4784-9357-B62105C71B9A}.Debug|Any CPU.Build.0 = Debug|Any CPU
		{90346C53-07D4-4784-9357-B62105C71B9A}.Release|Any CPU.ActiveCfg = Release|Any CPU
		{90346C53-07D4-4784-9357-B62105C71B9A}.Release|Any CPU.Build.0 = Release|Any CPU
		{0C30FD92-EBC2-4477-B45B-54ECE4F40220}.Debug|Any CPU.ActiveCfg = Debug|Any CPU
		{0C30FD92-EBC2-4477-B45B-54ECE4F40220}.Debug|Any CPU.Build.0 = Debug|Any CPU
		{0C30FD92-EBC2-4477-B45B-54ECE4F40220}.Release|Any CPU.ActiveCfg = Release|Any CPU
		{0C30FD92-EBC2-4477-B45B-54ECE4F40220}.Release|Any CPU.Build.0 = Release|Any CPU
	EndGlobalSection
	GlobalSection(SolutionProperties) = preSolution
		HideSolutionNode = FALSE
	EndGlobalSection
	GlobalSection(ExtensibilityGlobals) = postSolution
		SolutionGuid = {665A4E6C-CA33-4236-BF9C-872466502BBE}
	EndGlobalSection
EndGlobal
