
Microsoft Visual Studio Solution File, Format Version 12.00
# Visual Studio Version 16
VisualStudioVersion = 16.0.31702.278
MinimumVisualStudioVersion = 10.0.40219.1
Project("{FAE04EC0-301F-11D3-BF4B-00C04F79EFBC}") = "Ejercicio_1", "Ejercicio_1.csproj", "{FF753236-F103-44F9-9E15-B987C7B56653}"
EndProject
Global
	GlobalSection(SolutionConfigurationPlatforms) = preSolution
		Debug|Any CPU = Debug|Any CPU
		Release|Any CPU = Release|Any CPU
	EndGlobalSection
	GlobalSection(ProjectConfigurationPlatforms) = postSolution
		{FF753236-F103-44F9-9E15-B987C7B56653}.Debug|Any CPU.ActiveCfg = Debug|Any CPU
		{FF753236-F103-44F9-9E15-B987C7B56653}.Debug|Any CPU.Build.0 = Debug|Any CPU
		{FF753236-F103-44F9-9E15-B987C7B56653}.Release|Any CPU.ActiveCfg = Release|Any CPU
		{FF753236-F103-44F9-9E15-B987C7B56653}.Release|Any CPU.Build.0 = Release|Any CPU
	EndGlobalSection
	GlobalSection(SolutionProperties) = preSolution
		HideSolutionNode = FALSE
	EndGlobalSection
	GlobalSection(ExtensibilityGlobals) = postSolution
		SolutionGuid = {204DF02F-E66A-4696-9CED-D5FACCF75700}
	EndGlobalSection
EndGlobal
