
Microsoft Visual Studio Solution File, Format Version 12.00
# Visual Studio Version 16
VisualStudioVersion = 16.0.31702.278
MinimumVisualStudioVersion = 10.0.40219.1
Project("{FAE04EC0-301F-11D3-BF4B-00C04F79EFBC}") = "Form_Test", "Form_Test.csproj", "{7DBFA059-C1C7-4896-9443-4AFF2D45EE27}"
EndProject
Global
	GlobalSection(SolutionConfigurationPlatforms) = preSolution
		Debug|Any CPU = Debug|Any CPU
		Release|Any CPU = Release|Any CPU
	EndGlobalSection
	GlobalSection(ProjectConfigurationPlatforms) = postSolution
		{7DBFA059-C1C7-4896-9443-4AFF2D45EE27}.Debug|Any CPU.ActiveCfg = Debug|Any CPU
		{7DBFA059-C1C7-4896-9443-4AFF2D45EE27}.Debug|Any CPU.Build.0 = Debug|Any CPU
		{7DBFA059-C1C7-4896-9443-4AFF2D45EE27}.Release|Any CPU.ActiveCfg = Release|Any CPU
		{7DBFA059-C1C7-4896-9443-4AFF2D45EE27}.Release|Any CPU.Build.0 = Release|Any CPU
	EndGlobalSection
	GlobalSection(SolutionProperties) = preSolution
		HideSolutionNode = FALSE
	EndGlobalSection
	GlobalSection(ExtensibilityGlobals) = postSolution
		SolutionGuid = {EB2BC6CC-B13D-40A2-94CE-7D067050B233}
	EndGlobalSection
EndGlobal
