
Microsoft Visual Studio Solution File, Format Version 12.00
# Visual Studio Version 16
VisualStudioVersion = 16.0.31702.278
MinimumVisualStudioVersion = 10.0.40219.1
Project("{FAE04EC0-301F-11D3-BF4B-00C04F79EFBC}") = "WebSocketServer", "WebSocketServer.csproj", "{39E63472-DFA5-47ED-9608-FB04C727E417}"
EndProject
Project("{FAE04EC0-301F-11D3-BF4B-00C04F79EFBC}") = "WebSocketClient", "..\WebSocketClient\WebSocketClient.csproj", "{2B26D45F-474D-47E7-9D80-AA939A9AEF29}"
EndProject
Global
	GlobalSection(SolutionConfigurationPlatforms) = preSolution
		Debug|Any CPU = Debug|Any CPU
		Release|Any CPU = Release|Any CPU
	EndGlobalSection
	GlobalSection(ProjectConfigurationPlatforms) = postSolution
		{39E63472-DFA5-47ED-9608-FB04C727E417}.Debug|Any CPU.ActiveCfg = Debug|Any CPU
		{39E63472-DFA5-47ED-9608-FB04C727E417}.Debug|Any CPU.Build.0 = Debug|Any CPU
		{39E63472-DFA5-47ED-9608-FB04C727E417}.Release|Any CPU.ActiveCfg = Release|Any CPU
		{39E63472-DFA5-47ED-9608-FB04C727E417}.Release|Any CPU.Build.0 = Release|Any CPU
		{2B26D45F-474D-47E7-9D80-AA939A9AEF29}.Debug|Any CPU.ActiveCfg = Debug|Any CPU
		{2B26D45F-474D-47E7-9D80-AA939A9AEF29}.Debug|Any CPU.Build.0 = Debug|Any CPU
		{2B26D45F-474D-47E7-9D80-AA939A9AEF29}.Release|Any CPU.ActiveCfg = Release|Any CPU
		{2B26D45F-474D-47E7-9D80-AA939A9AEF29}.Release|Any CPU.Build.0 = Release|Any CPU
	EndGlobalSection
	GlobalSection(SolutionProperties) = preSolution
		HideSolutionNode = FALSE
	EndGlobalSection
	GlobalSection(ExtensibilityGlobals) = postSolution
		SolutionGuid = {52C2AE52-2412-47F9-98F7-47D48A2424E4}
	EndGlobalSection
EndGlobal
